
Microsoft Visual Studio Solution File, Format Version 12.00
# Visual Studio Version 17
VisualStudioVersion = 17.5.002.0
MinimumVisualStudioVersion = 10.0.40219.1
Project("{2150E333-8FDC-42A3-9474-1A3956D46DE8}") = "csharp-prep", "csharp-prep", "{BD8EF4CB-B953-4796-A928-8387E9FE458B}"
EndProject
Project("{9A19103F-16F7-4668-BE54-9A1E7A4F7556}") = "Prep1", "csharp-prep\Prep1\Prep1.csproj", "{FDDA7DCC-3050-4656-AA57-2A2D6B728794}"
EndProject
Project("{9A19103F-16F7-4668-BE54-9A1E7A4F7556}") = "Prep2", "csharp-prep\Prep2\Prep2.csproj", "{193A1D92-F8C8-49D4-A3F6-387D10E09F27}"
EndProject
Project("{9A19103F-16F7-4668-BE54-9A1E7A4F7556}") = "Prep3", "csharp-prep\Prep3\Prep3.csproj", "{F2056860-667C-4FD8-BE49-EC33E70F5DB2}"
EndProject
Project("{9A19103F-16F7-4668-BE54-9A1E7A4F7556}") = "Prep4", "csharp-prep\Prep4\Prep4.csproj", "{26E5165D-5ABA-47DB-9407-0037166C6854}"
EndProject
Project("{9A19103F-16F7-4668-BE54-9A1E7A4F7556}") = "Prep5", "csharp-prep\Prep5\Prep5.csproj", "{0656FD7D-9C37-4C63-9CA3-17E564210DEA}"
EndProject
Project("{2150E333-8FDC-42A3-9474-1A3956D46DE8}") = "final", "final", "{1F58E804-556C-4454-B496-181B07AB0BBF}"
EndProject
Project("{9A19103F-16F7-4668-BE54-9A1E7A4F7556}") = "FinalProject", "final\FinalProject\FinalProject.csproj", "{AED0A5E2-5847-4FE2-B4B2-E13E7F319DA3}"
EndProject
Project("{9A19103F-16F7-4668-BE54-9A1E7A4F7556}") = "Foundation1", "final\Foundation1\Foundation1.csproj", "{ADD19FD1-FC4D-4CB4-80B7-6EDFCD278EFC}"
EndProject
Project("{9A19103F-16F7-4668-BE54-9A1E7A4F7556}") = "Foundation2", "final\Foundation2\Foundation2.csproj", "{373DDBDB-08E8-4B94-B9CE-3E7B45A6E71D}"
EndProject
Project("{9A19103F-16F7-4668-BE54-9A1E7A4F7556}") = "Foundation3", "final\Foundation3\Foundation3.csproj", "{1CA87759-6BF0-4298-9BF1-70AE7A926D70}"
EndProject
Project("{9A19103F-16F7-4668-BE54-9A1E7A4F7556}") = "Foundation4", "final\Foundation4\Foundation4.csproj", "{F18C2FFB-DD27-431F-B526-80B9614F1335}"
EndProject
Project("{2150E333-8FDC-42A3-9474-1A3956D46DE8}") = "prepare", "prepare", "{47ECF540-F0B3-419D-A1E8-3F76DA0ECEB4}"
EndProject
Project("{9A19103F-16F7-4668-BE54-9A1E7A4F7556}") = "Learning02", "prepare\Learning02\Learning02.csproj", "{69AA0DD0-288E-4D40-9C90-650E4383A7E1}"
EndProject
Project("{9A19103F-16F7-4668-BE54-9A1E7A4F7556}") = "Learning03", "prepare\Learning03\Learning03.csproj", "{F8FA2E6A-43DE-4702-9A66-AFA7F3B47D26}"
EndProject
Project("{9A19103F-16F7-4668-BE54-9A1E7A4F7556}") = "Learning04", "prepare\Learning04\Learning04.csproj", "{F870CF8D-53AC-4954-80EF-09DD7E69C77E}"
EndProject
Project("{9A19103F-16F7-4668-BE54-9A1E7A4F7556}") = "Learning05", "prepare\Learning05\Learning05.csproj", "{DBB89C16-137D-4695-9B11-87972CA79039}"
EndProject
Project("{2150E333-8FDC-42A3-9474-1A3956D46DE8}") = "prove", "prove", "{7739FCB8-2B7C-4F8C-BF5D-792658F7B504}"
EndProject
Project("{9A19103F-16F7-4668-BE54-9A1E7A4F7556}") = "Develop02", "prove\Develop02\Develop02.csproj", "{23F4713D-80D1-4C79-AB7A-3E588EA14FAC}"
EndProject
Project("{9A19103F-16F7-4668-BE54-9A1E7A4F7556}") = "Develop03", "prove\Develop03\Develop03.csproj", "{61BAC608-207F-45CB-A9E5-FA9925181904}"
EndProject
Project("{9A19103F-16F7-4668-BE54-9A1E7A4F7556}") = "Develop04", "prove\Develop04\Develop04.csproj", "{4BD789CE-4B86-41D5-B593-14BFAB1D0341}"
EndProject
Project("{9A19103F-16F7-4668-BE54-9A1E7A4F7556}") = "Develop05", "prove\Develop05\Develop05.csproj", "{E5B0C333-B954-45C1-BC38-B8437A60E007}"
EndProject
Project("{2150E333-8FDC-42A3-9474-1A3956D46DE8}") = "sandbox", "sandbox", "{BD11EB21-B889-4C79-9525-6CA4D58E523F}"
EndProject
Project("{9A19103F-16F7-4668-BE54-9A1E7A4F7556}") = "Sandbox", "sandbox\Sandbox\Sandbox.csproj", "{E45FD88A-8CEC-4D0A-8B23-EEF82AD91148}"
EndProject
Global
	GlobalSection(SolutionConfigurationPlatforms) = preSolution
		Debug|Any CPU = Debug|Any CPU
		Release|Any CPU = Release|Any CPU
	EndGlobalSection
	GlobalSection(ProjectConfigurationPlatforms) = postSolution
		{FDDA7DCC-3050-4656-AA57-2A2D6B728794}.Debug|Any CPU.ActiveCfg = Debug|Any CPU
		{FDDA7DCC-3050-4656-AA57-2A2D6B728794}.Debug|Any CPU.Build.0 = Debug|Any CPU
		{FDDA7DCC-3050-4656-AA57-2A2D6B728794}.Release|Any CPU.ActiveCfg = Release|Any CPU
		{FDDA7DCC-3050-4656-AA57-2A2D6B728794}.Release|Any CPU.Build.0 = Release|Any CPU
		{193A1D92-F8C8-49D4-A3F6-387D10E09F27}.Debug|Any CPU.ActiveCfg = Debug|Any CPU
		{193A1D92-F8C8-49D4-A3F6-387D10E09F27}.Debug|Any CPU.Build.0 = Debug|Any CPU
		{193A1D92-F8C8-49D4-A3F6-387D10E09F27}.Release|Any CPU.ActiveCfg = Release|Any CPU
		{193A1D92-F8C8-49D4-A3F6-387D10E09F27}.Release|Any CPU.Build.0 = Release|Any CPU
		{F2056860-667C-4FD8-BE49-EC33E70F5DB2}.Debug|Any CPU.ActiveCfg = Debug|Any CPU
		{F2056860-667C-4FD8-BE49-EC33E70F5DB2}.Debug|Any CPU.Build.0 = Debug|Any CPU
		{F2056860-667C-4FD8-BE49-EC33E70F5DB2}.Release|Any CPU.ActiveCfg = Release|Any CPU
		{F2056860-667C-4FD8-BE49-EC33E70F5DB2}.Release|Any CPU.Build.0 = Release|Any CPU
		{26E5165D-5ABA-47DB-9407-0037166C6854}.Debug|Any CPU.ActiveCfg = Debug|Any CPU
		{26E5165D-5ABA-47DB-9407-0037166C6854}.Debug|Any CPU.Build.0 = Debug|Any CPU
		{26E5165D-5ABA-47DB-9407-0037166C6854}.Release|Any CPU.ActiveCfg = Release|Any CPU
		{26E5165D-5ABA-47DB-9407-0037166C6854}.Release|Any CPU.Build.0 = Release|Any CPU
		{0656FD7D-9C37-4C63-9CA3-17E564210DEA}.Debug|Any CPU.ActiveCfg = Debug|Any CPU
		{0656FD7D-9C37-4C63-9CA3-17E564210DEA}.Debug|Any CPU.Build.0 = Debug|Any CPU
		{0656FD7D-9C37-4C63-9CA3-17E564210DEA}.Release|Any CPU.ActiveCfg = Release|Any CPU
		{0656FD7D-9C37-4C63-9CA3-17E564210DEA}.Release|Any CPU.Build.0 = Release|Any CPU
		{AED0A5E2-5847-4FE2-B4B2-E13E7F319DA3}.Debug|Any CPU.ActiveCfg = Debug|Any CPU
		{AED0A5E2-5847-4FE2-B4B2-E13E7F319DA3}.Debug|Any CPU.Build.0 = Debug|Any CPU
		{AED0A5E2-5847-4FE2-B4B2-E13E7F319DA3}.Release|Any CPU.ActiveCfg = Release|Any CPU
		{AED0A5E2-5847-4FE2-B4B2-E13E7F319DA3}.Release|Any CPU.Build.0 = Release|Any CPU
		{ADD19FD1-FC4D-4CB4-80B7-6EDFCD278EFC}.Debug|Any CPU.ActiveCfg = Debug|Any CPU
		{ADD19FD1-FC4D-4CB4-80B7-6EDFCD278EFC}.Debug|Any CPU.Build.0 = Debug|Any CPU
		{ADD19FD1-FC4D-4CB4-80B7-6EDFCD278EFC}.Release|Any CPU.ActiveCfg = Release|Any CPU
		{ADD19FD1-FC4D-4CB4-80B7-6EDFCD278EFC}.Release|Any CPU.Build.0 = Release|Any CPU
		{373DDBDB-08E8-4B94-B9CE-3E7B45A6E71D}.Debug|Any CPU.ActiveCfg = Debug|Any CPU
		{373DDBDB-08E8-4B94-B9CE-3E7B45A6E71D}.Debug|Any CPU.Build.0 = Debug|Any CPU
		{373DDBDB-08E8-4B94-B9CE-3E7B45A6E71D}.Release|Any CPU.ActiveCfg = Release|Any CPU
		{373DDBDB-08E8-4B94-B9CE-3E7B45A6E71D}.Release|Any CPU.Build.0 = Release|Any CPU
		{1CA87759-6BF0-4298-9BF1-70AE7A926D70}.Debug|Any CPU.ActiveCfg = Debug|Any CPU
		{1CA87759-6BF0-4298-9BF1-70AE7A926D70}.Debug|Any CPU.Build.0 = Debug|Any CPU
		{1CA87759-6BF0-4298-9BF1-70AE7A926D70}.Release|Any CPU.ActiveCfg = Release|Any CPU
		{1CA87759-6BF0-4298-9BF1-70AE7A926D70}.Release|Any CPU.Build.0 = Release|Any CPU
		{F18C2FFB-DD27-431F-B526-80B9614F1335}.Debug|Any CPU.ActiveCfg = Debug|Any CPU
		{F18C2FFB-DD27-431F-B526-80B9614F1335}.Debug|Any CPU.Build.0 = Debug|Any CPU
		{F18C2FFB-DD27-431F-B526-80B9614F1335}.Release|Any CPU.ActiveCfg = Release|Any CPU
		{F18C2FFB-DD27-431F-B526-80B9614F1335}.Release|Any CPU.Build.0 = Release|Any CPU
		{69AA0DD0-288E-4D40-9C90-650E4383A7E1}.Debug|Any CPU.ActiveCfg = Debug|Any CPU
		{69AA0DD0-288E-4D40-9C90-650E4383A7E1}.Debug|Any CPU.Build.0 = Debug|Any CPU
		{69AA0DD0-288E-4D40-9C90-650E4383A7E1}.Release|Any CPU.ActiveCfg = Release|Any CPU
		{69AA0DD0-288E-4D40-9C90-650E4383A7E1}.Release|Any CPU.Build.0 = Release|Any CPU
		{F8FA2E6A-43DE-4702-9A66-AFA7F3B47D26}.Debug|Any CPU.ActiveCfg = Debug|Any CPU
		{F8FA2E6A-43DE-4702-9A66-AFA7F3B47D26}.Debug|Any CPU.Build.0 = Debug|Any CPU
		{F8FA2E6A-43DE-4702-9A66-AFA7F3B47D26}.Release|Any CPU.ActiveCfg = Release|Any CPU
		{F8FA2E6A-43DE-4702-9A66-AFA7F3B47D26}.Release|Any CPU.Build.0 = Release|Any CPU
		{F870CF8D-53AC-4954-80EF-09DD7E69C77E}.Debug|Any CPU.ActiveCfg = Debug|Any CPU
		{F870CF8D-53AC-4954-80EF-09DD7E69C77E}.Debug|Any CPU.Build.0 = Debug|Any CPU
		{F870CF8D-53AC-4954-80EF-09DD7E69C77E}.Release|Any CPU.ActiveCfg = Release|Any CPU
		{F870CF8D-53AC-4954-80EF-09DD7E69C77E}.Release|Any CPU.Build.0 = Release|Any CPU
		{DBB89C16-137D-4695-9B11-87972CA79039}.Debug|Any CPU.ActiveCfg = Debug|Any CPU
		{DBB89C16-137D-4695-9B11-87972CA79039}.Debug|Any CPU.Build.0 = Debug|Any CPU
		{DBB89C16-137D-4695-9B11-87972CA79039}.Release|Any CPU.ActiveCfg = Release|Any CPU
		{DBB89C16-137D-4695-9B11-87972CA79039}.Release|Any CPU.Build.0 = Release|Any CPU
		{23F4713D-80D1-4C79-AB7A-3E588EA14FAC}.Debug|Any CPU.ActiveCfg = Debug|Any CPU
		{23F4713D-80D1-4C79-AB7A-3E588EA14FAC}.Debug|Any CPU.Build.0 = Debug|Any CPU
		{23F4713D-80D1-4C79-AB7A-3E588EA14FAC}.Release|Any CPU.ActiveCfg = Release|Any CPU
		{23F4713D-80D1-4C79-AB7A-3E588EA14FAC}.Release|Any CPU.Build.0 = Release|Any CPU
		{61BAC608-207F-45CB-A9E5-FA9925181904}.Debug|Any CPU.ActiveCfg = Debug|Any CPU
		{61BAC608-207F-45CB-A9E5-FA9925181904}.Debug|Any CPU.Build.0 = Debug|Any CPU
		{61BAC608-207F-45CB-A9E5-FA9925181904}.Release|Any CPU.ActiveCfg = Release|Any CPU
		{61BAC608-207F-45CB-A9E5-FA9925181904}.Release|Any CPU.Build.0 = Release|Any CPU
		{4BD789CE-4B86-41D5-B593-14BFAB1D0341}.Debug|Any CPU.ActiveCfg = Debug|Any CPU
		{4BD789CE-4B86-41D5-B593-14BFAB1D0341}.Debug|Any CPU.Build.0 = Debug|Any CPU
		{4BD789CE-4B86-41D5-B593-14BFAB1D0341}.Release|Any CPU.ActiveCfg = Release|Any CPU
		{4BD789CE-4B86-41D5-B593-14BFAB1D0341}.Release|Any CPU.Build.0 = Release|Any CPU
		{E5B0C333-B954-45C1-BC38-B8437A60E007}.Debug|Any CPU.ActiveCfg = Debug|Any CPU
		{E5B0C333-B954-45C1-BC38-B8437A60E007}.Debug|Any CPU.Build.0 = Debug|Any CPU
		{E5B0C333-B954-45C1-BC38-B8437A60E007}.Release|Any CPU.ActiveCfg = Release|Any CPU
		{E5B0C333-B954-45C1-BC38-B8437A60E007}.Release|Any CPU.Build.0 = Release|Any CPU
		{E45FD88A-8CEC-4D0A-8B23-EEF82AD91148}.Debug|Any CPU.ActiveCfg = Debug|Any CPU
		{E45FD88A-8CEC-4D0A-8B23-EEF82AD91148}.Debug|Any CPU.Build.0 = Debug|Any CPU
		{E45FD88A-8CEC-4D0A-8B23-EEF82AD91148}.Release|Any CPU.ActiveCfg = Release|Any CPU
		{E45FD88A-8CEC-4D0A-8B23-EEF82AD91148}.Release|Any CPU.Build.0 = Release|Any CPU
	EndGlobalSection
	GlobalSection(SolutionProperties) = preSolution
		HideSolutionNode = FALSE
	EndGlobalSection
	GlobalSection(NestedProjects) = preSolution
		{FDDA7DCC-3050-4656-AA57-2A2D6B728794} = {BD8EF4CB-B953-4796-A928-8387E9FE458B}
		{193A1D92-F8C8-49D4-A3F6-387D10E09F27} = {BD8EF4CB-B953-4796-A928-8387E9FE458B}
		{F2056860-667C-4FD8-BE49-EC33E70F5DB2} = {BD8EF4CB-B953-4796-A928-8387E9FE458B}
		{26E5165D-5ABA-47DB-9407-0037166C6854} = {BD8EF4CB-B953-4796-A928-8387E9FE458B}
		{0656FD7D-9C37-4C63-9CA3-17E564210DEA} = {BD8EF4CB-B953-4796-A928-8387E9FE458B}
		{AED0A5E2-5847-4FE2-B4B2-E13E7F319DA3} = {1F58E804-556C-4454-B496-181B07AB0BBF}
		{ADD19FD1-FC4D-4CB4-80B7-6EDFCD278EFC} = {1F58E804-556C-4454-B496-181B07AB0BBF}
		{373DDBDB-08E8-4B94-B9CE-3E7B45A6E71D} = {1F58E804-556C-4454-B496-181B07AB0BBF}
		{1CA87759-6BF0-4298-9BF1-70AE7A926D70} = {1F58E804-556C-4454-B496-181B07AB0BBF}
		{F18C2FFB-DD27-431F-B526-80B9614F1335} = {1F58E804-556C-4454-B496-181B07AB0BBF}
		{69AA0DD0-288E-4D40-9C90-650E4383A7E1} = {47ECF540-F0B3-419D-A1E8-3F76DA0ECEB4}
		{F8FA2E6A-43DE-4702-9A66-AFA7F3B47D26} = {47ECF540-F0B3-419D-A1E8-3F76DA0ECEB4}
		{F870CF8D-53AC-4954-80EF-09DD7E69C77E} = {47ECF540-F0B3-419D-A1E8-3F76DA0ECEB4}
		{DBB89C16-137D-4695-9B11-87972CA79039} = {47ECF540-F0B3-419D-A1E8-3F76DA0ECEB4}
		{23F4713D-80D1-4C79-AB7A-3E588EA14FAC} = {7739FCB8-2B7C-4F8C-BF5D-792658F7B504}
		{61BAC608-207F-45CB-A9E5-FA9925181904} = {7739FCB8-2B7C-4F8C-BF5D-792658F7B504}
		{4BD789CE-4B86-41D5-B593-14BFAB1D0341} = {7739FCB8-2B7C-4F8C-BF5D-792658F7B504}
		{E5B0C333-B954-45C1-BC38-B8437A60E007} = {7739FCB8-2B7C-4F8C-BF5D-792658F7B504}
		{E45FD88A-8CEC-4D0A-8B23-EEF82AD91148} = {BD11EB21-B889-4C79-9525-6CA4D58E523F}
	EndGlobalSection
	GlobalSection(ExtensibilityGlobals) = postSolution
		SolutionGuid = {558384B2-78DB-4E5C-A852-2FA2A910D979}
	EndGlobalSection
EndGlobal
